<?xml version="1.0" encoding="utf-8"?>
<Project ToolsVersion="4.0" xmlns="http://schemas.microsoft.com/developer/msbuild/2003">
  <ItemGroup>
    <Filter Include="Source Files">
      <UniqueIdentifier>{4FC737F1-C7A5-4376-A066-2A32D752A2FF}</UniqueIdentifier>
      <Extensions>cpp;c;cc;cxx;def;odl;idl;hpj;bat;asm;asmx</Extensions>
    </Filter>
    <Filter Include="Header Files">
      <UniqueIdentifier>{93995380-89BD-4b04-88EB-625FBE52EBFB}</UniqueIdentifier>
      <Extensions>h;hh;hpp;hxx;hm;inl;inc;ipp;xsd</Extensions>
    </Filter>
    <Filter Include="Resource Files">
      <UniqueIdentifier>{67DA6AB6-F800-4c08-8B7A-83BB121AAD01}</UniqueIdentifier>
      <Extensions>rc;ico;cur;bmp;dlg;rc2;rct;bin;rgs;gif;jpg;jpeg;jpe;resx;tiff;tif;png;wav;mfcribbon-ms</Extensions>
    </Filter>
    <Filter Include="Header Files\gui">
      <UniqueIdentifier>{053b33a6-7d88-425c-9699-5732fd309725}</UniqueIdentifier>
    </Filter>
    <Filter Include="Source Files\gui">
      <UniqueIdentifier>{3dd9ede4-b33d-43c6-ab35-231241759c53}</UniqueIdentifier>
    </Filter>
    <Filter Include="Source Files\gui\effects">
      <UniqueIdentifier>{5b157315-3983-4916-886b-21f6348657a7}</UniqueIdentifier>
    </Filter>
    <Filter Include="Header Files\gui\effects">
      <UniqueIdentifier>{4277fa9d-6445-4041-b3b3-17bb32cfac33}</UniqueIdentifier>
    </Filter>
    <Filter Include="Header Files\overlays">
      <UniqueIdentifier>{7808fdf4-0ea2-4a1c-9e1e-a5938d5ac613}</UniqueIdentifier>
    </Filter>
    <Filter Include="Source Files\overlays">
      <UniqueIdentifier>{f477a7f8-e838-4e8b-ab69-ec7fdc1b89ab}</UniqueIdentifier>
    </Filter>
    <Filter Include="Source Files\overlays\main">
      <UniqueIdentifier>{0d8e31d5-53aa-479c-a869-deb451760178}</UniqueIdentifier>
    </Filter>
    <Filter Include="Source Files\overlays\title">
      <UniqueIdentifier>{719a0e93-997b-47e5-838e-bf155df0d2bd}</UniqueIdentifier>
    </Filter>
    <Filter Include="Source Files\overlays\game">
      <UniqueIdentifier>{3055890d-c831-4a51-ac1f-0ba8df23fba2}</UniqueIdentifier>
    </Filter>
    <Filter Include="Header Files\overlays\main">
      <UniqueIdentifier>{78855433-f0d6-4281-b994-0376f4abfbc5}</UniqueIdentifier>
    </Filter>
    <Filter Include="Header Files\overlays\game">
      <UniqueIdentifier>{c80b3e2a-6f90-4453-b27e-fbc172f819d6}</UniqueIdentifier>
    </Filter>
    <Filter Include="Header Files\overlays\notify">
      <UniqueIdentifier>{148f011b-5e76-4fd8-a9c4-05b3a6c2512f}</UniqueIdentifier>
    </Filter>
    <Filter Include="Header Files\overlays\title">
      <UniqueIdentifier>{2aab3638-215a-4861-b96a-e1dd44e2a063}</UniqueIdentifier>
    </Filter>
    <Filter Include="Source Files\overlays\background">
      <UniqueIdentifier>{81da5191-af2a-457e-add5-aa0a87a64e29}</UniqueIdentifier>
    </Filter>
    <Filter Include="Header Files\overlays\background">
      <UniqueIdentifier>{d8ccdd02-d409-4cda-832d-b37888629f79}</UniqueIdentifier>
    </Filter>
    <Filter Include="Source Files\shared">
      <UniqueIdentifier>{d2e8a3ff-febf-43fb-95eb-cf11d8f98599}</UniqueIdentifier>
    </Filter>
    <Filter Include="Source Files\shared\game">
      <UniqueIdentifier>{6b219079-e48c-48ff-a9b2-a44ed042958a}</UniqueIdentifier>
    </Filter>
    <Filter Include="Source Files\shared\utils">
      <UniqueIdentifier>{da776d8b-5421-4287-ab25-8894a1f81b59}</UniqueIdentifier>
    </Filter>
    <Filter Include="Header Files\shared">
      <UniqueIdentifier>{d1104b81-302c-4402-b87b-fcb4b43f797b}</UniqueIdentifier>
    </Filter>
    <Filter Include="Header Files\shared\utils">
      <UniqueIdentifier>{e88fffbb-6354-4a44-a724-c691876c3b1c}</UniqueIdentifier>
    </Filter>
    <Filter Include="Header Files\shared\game">
      <UniqueIdentifier>{212ee517-4538-4cce-809b-8a202f1ea6a4}</UniqueIdentifier>
    </Filter>
    <Filter Include="Header Files\shared\server">
      <UniqueIdentifier>{7bf9ed78-b4d6-46dd-8900-428fde8eeaf0}</UniqueIdentifier>
    </Filter>
    <Filter Include="Source Files\shared\server">
      <UniqueIdentifier>{11d086f9-679e-45fa-a16e-ef1a5f2d13c2}</UniqueIdentifier>
    </Filter>
    <Filter Include="Source Files\client">
      <UniqueIdentifier>{74597c14-7811-47e4-a3e1-8c101baf667f}</UniqueIdentifier>
    </Filter>
    <Filter Include="Header Files\client">
      <UniqueIdentifier>{13b06bf9-ed98-48c9-a5c3-b0c4c02ecfa6}</UniqueIdentifier>
    </Filter>
    <Filter Include="Header Files\client\game">
      <UniqueIdentifier>{7691170a-bf24-41cb-a411-fc6a7ad660a6}</UniqueIdentifier>
    </Filter>
    <Filter Include="Source Files\client\game">
      <UniqueIdentifier>{c4abab61-0ea1-4f41-a84f-6ba414a63dbc}</UniqueIdentifier>
    </Filter>
    <Filter Include="Source Files\overlays\notify">
      <UniqueIdentifier>{595effc7-98c4-46cf-9d77-f0f6586337ac}</UniqueIdentifier>
    </Filter>
  </ItemGroup>
  <ItemGroup>
    <ClInclude Include="src\gui\GUIButton.h">
      <Filter>Header Files\gui</Filter>
    </ClInclude>
    <ClInclude Include="src\gui\GUIButtonParamaterized.h">
      <Filter>Header Files\gui</Filter>
    </ClInclude>
    <ClInclude Include="src\gui\GUIContainer.h">
      <Filter>Header Files\gui</Filter>
    </ClInclude>
    <ClInclude Include="src\gui\GUIObject.h">
      <Filter>Header Files\gui</Filter>
    </ClInclude>
    <ClInclude Include="src\gui\GUISlider.h">
      <Filter>Header Files\gui</Filter>
    </ClInclude>
    <ClInclude Include="src\gui\GUITextbox.h">
      <Filter>Header Files\gui</Filter>
    </ClInclude>
    <ClInclude Include="src\gui\GUITexture.h">
      <Filter>Header Files\gui</Filter>
    </ClInclude>
    <ClInclude Include="src\gui\effects\GUIEffect.h">
      <Filter>Header Files\gui\effects</Filter>
    </ClInclude>
    <ClInclude Include="src\gui\effects\GUIEffectFade.h">
      <Filter>Header Files\gui\effects</Filter>
    </ClInclude>
    <ClInclude Include="src\gui\effects\GUIEffectTranslate.h">
      <Filter>Header Files\gui\effects</Filter>
    </ClInclude>
    <ClInclude Include="src\Global.h">
      <Filter>Header Files</Filter>
    </ClInclude>
    <ClInclude Include="src\Standard.h">
      <Filter>Header Files</Filter>
    </ClInclude>
    <ClInclude Include="src\ResourceLoader.h">
      <Filter>Header Files</Filter>
    </ClInclude>
    <ClInclude Include="src\overlays\main\AchievementButton.h">
      <Filter>Header Files\overlays\main</Filter>
    </ClInclude>
    <ClInclude Include="src\overlays\main\MainOverlay.h">
      <Filter>Header Files\overlays\main</Filter>
    </ClInclude>
    <ClInclude Include="src\overlays\main\PromptBox.h">
      <Filter>Header Files\overlays\main</Filter>
    </ClInclude>
    <ClInclude Include="src\overlays\game\GameOverlay.h">
      <Filter>Header Files\overlays\game</Filter>
    </ClInclude>
    <ClInclude Include="src\overlays\TimedEvent.h">
      <Filter>Header Files\overlays</Filter>
    </ClInclude>
    <ClInclude Include="src\overlays\title\TitleOverlay.h">
      <Filter>Header Files\overlays\title</Filter>
    </ClInclude>
    <ClInclude Include="src\overlays\notify\NotifyOverlay.h">
      <Filter>Header Files\overlays\notify</Filter>
    </ClInclude>
    <ClInclude Include="src\overlays\notify\PopupAchievement.h">
      <Filter>Header Files\overlays\notify</Filter>
    </ClInclude>
    <ClInclude Include="src\overlays\notify\PopupNotification.h">
      <Filter>Header Files\overlays\notify</Filter>
    </ClInclude>
    <ClInclude Include="src\Resources.h">
      <Filter>Header Files</Filter>
    </ClInclude>
    <ClInclude Include="src\overlays\background\BackgroundOverlay.h">
      <Filter>Header Files\overlays\background</Filter>
    </ClInclude>
    <ClInclude Include="src\overlays\background\GlowSpeck.h">
      <Filter>Header Files\overlays\background</Filter>
    </ClInclude>
    <ClInclude Include="..\MomentumShared\src\game\Game.h">
      <Filter>Header Files\shared\game</Filter>
    </ClInclude>
    <ClInclude Include="..\MomentumShared\src\game\Player.h">
      <Filter>Header Files\shared\game</Filter>
    </ClInclude>
    <ClInclude Include="..\MomentumShared\src\utils\Coord.h">
      <Filter>Header Files\shared\utils</Filter>
    </ClInclude>
    <ClInclude Include="..\MomentumShared\src\utils\Enums.h">
      <Filter>Header Files\shared\utils</Filter>
    </ClInclude>
    <ClInclude Include="..\MomentumShared\src\utils\Iterator.h">
      <Filter>Header Files\shared\utils</Filter>
    </ClInclude>
    <ClInclude Include="..\MomentumShared\src\utils\LinkedList.h">
      <Filter>Header Files\shared\utils</Filter>
    </ClInclude>
    <ClInclude Include="..\MomentumShared\src\utils\ListNode.h">
      <Filter>Header Files\shared\utils</Filter>
    </ClInclude>
    <ClInclude Include="..\MomentumShared\src\utils\Logger.h">
      <Filter>Header Files\shared\utils</Filter>
    </ClInclude>
    <ClInclude Include="..\MomentumShared\src\utils\MiscUtil.h">
      <Filter>Header Files\shared\utils</Filter>
    </ClInclude>
    <ClInclude Include="..\MomentumShared\src\utils\Timer.h">
      <Filter>Header Files\shared\utils</Filter>
    </ClInclude>
    <ClInclude Include="..\MomentumShared\src\server\CommandProcessor.h">
      <Filter>Header Files\shared\server</Filter>
    </ClInclude>
    <ClInclude Include="..\MomentumShared\src\server\GameConfig.h">
      <Filter>Header Files\shared\server</Filter>
    </ClInclude>
    <ClInclude Include="..\MomentumShared\src\server\Message.h">
      <Filter>Header Files\shared\server</Filter>
    </ClInclude>
    <ClInclude Include="..\MomentumShared\src\server\Server.h">
      <Filter>Header Files\shared\server</Filter>
    </ClInclude>
    <ClInclude Include="..\MomentumShared\src\server\Pipe.h">
      <Filter>Header Files\shared\server</Filter>
    </ClInclude>
    <ClInclude Include="src\client\Client.h">
      <Filter>Header Files\client</Filter>
    </ClInclude>
    <ClInclude Include="src\client\game\GameMirror.h">
      <Filter>Header Files\client\game</Filter>
    </ClInclude>
    <ClInclude Include="src\client\game\PlayerMirror.h">
      <Filter>Header Files\client\game</Filter>
    </ClInclude>
    <ClInclude Include="src\client\ServerMirror.h">
      <Filter>Header Files\client</Filter>
    </ClInclude>
    <ClInclude Include="src\client\PipeMirror.h">
      <Filter>Header Files\client</Filter>
    </ClInclude>
  </ItemGroup>
  <ItemGroup>
    <ClCompile Include="src\gui\GUIButton.cpp">
      <Filter>Source Files\gui</Filter>
    </ClCompile>
    <ClCompile Include="src\gui\GUIContainer.cpp">
      <Filter>Source Files\gui</Filter>
    </ClCompile>
    <ClCompile Include="src\gui\GUIObject.cpp">
      <Filter>Source Files\gui</Filter>
    </ClCompile>
    <ClCompile Include="src\gui\GUISlider.cpp">
      <Filter>Source Files\gui</Filter>
    </ClCompile>
    <ClCompile Include="src\gui\GUITextbox.cpp">
      <Filter>Source Files\gui</Filter>
    </ClCompile>
    <ClCompile Include="src\gui\GUITexture.cpp">
      <Filter>Source Files\gui</Filter>
    </ClCompile>
    <ClCompile Include="src\gui\effects\GUIEffect.cpp">
      <Filter>Source Files\gui\effects</Filter>
    </ClCompile>
    <ClCompile Include="src\gui\effects\GUIEffectFade.cpp">
      <Filter>Source Files\gui\effects</Filter>
    </ClCompile>
    <ClCompile Include="src\gui\effects\GUIEffectTranslate.cpp">
      <Filter>Source Files\gui\effects</Filter>
    </ClCompile>
    <ClCompile Include="src\Main.cpp">
      <Filter>Source Files</Filter>
    </ClCompile>
    <ClCompile Include="src\ResourceLoader.cpp">
      <Filter>Source Files</Filter>
    </ClCompile>
    <ClCompile Include="src\Global.cpp">
      <Filter>Source Files</Filter>
    </ClCompile>
    <ClCompile Include="src\overlays\TimedEvent.cpp">
      <Filter>Source Files\overlays</Filter>
    </ClCompile>
    <ClCompile Include="src\overlays\main\AchievementButton.cpp">
      <Filter>Source Files\overlays\main</Filter>
    </ClCompile>
    <ClCompile Include="src\overlays\main\MainOverlay.cpp">
      <Filter>Source Files\overlays\main</Filter>
    </ClCompile>
    <ClCompile Include="src\overlays\main\PromptBox.cpp">
      <Filter>Source Files\overlays\main</Filter>
    </ClCompile>
    <ClCompile Include="src\overlays\game\GameOverlay.cpp">
      <Filter>Source Files\overlays\game</Filter>
    </ClCompile>
    <ClCompile Include="src\overlays\notify\NotifyOverlay.cpp">
      <Filter>Source Files\overlays\notify</Filter>
    </ClCompile>
    <ClCompile Include="src\overlays\notify\PopupAchievement.cpp">
      <Filter>Source Files\overlays\notify</Filter>
    </ClCompile>
    <ClCompile Include="src\overlays\notify\PopupNotification.cpp">
      <Filter>Source Files\overlays\notify</Filter>
    </ClCompile>
    <ClCompile Include="src\overlays\title\TitleOverlay.cpp">
      <Filter>Source Files\overlays\title</Filter>
    </ClCompile>
    <ClCompile Include="src\Resources.cpp">
      <Filter>Source Files</Filter>
    </ClCompile>
    <ClCompile Include="src\overlays\background\BackgroundOverlay.cpp">
      <Filter>Source Files\overlays\background</Filter>
    </ClCompile>
    <ClCompile Include="src\overlays\background\GlowSpeck.cpp">
      <Filter>Source Files\overlays\background</Filter>
    </ClCompile>
    <ClCompile Include="..\MomentumShared\src\game\Game.cpp">
      <Filter>Source Files\shared\game</Filter>
    </ClCompile>
    <ClCompile Include="..\MomentumShared\src\game\Player.cpp">
      <Filter>Source Files\shared\game</Filter>
    </ClCompile>
    <ClCompile Include="..\MomentumShared\src\utils\Logger.cpp">
      <Filter>Source Files\shared\utils</Filter>
    </ClCompile>
    <ClCompile Include="..\MomentumShared\src\utils\MiscUtil.cpp">
      <Filter>Source Files\shared\utils</Filter>
    </ClCompile>
    <ClCompile Include="..\MomentumShared\src\utils\Timer.cpp">
      <Filter>Source Files\shared\utils</Filter>
    </ClCompile>
    <ClCompile Include="..\MomentumShared\src\server\CommandProcessor.cpp">
      <Filter>Source Files\shared\server</Filter>
    </ClCompile>
    <ClCompile Include="..\MomentumShared\src\server\GameConfig.cpp">
      <Filter>Source Files\shared\server</Filter>
    </ClCompile>
    <ClCompile Include="..\MomentumShared\src\server\Message.cpp">
      <Filter>Source Files\shared\server</Filter>
    </ClCompile>
    <ClCompile Include="..\MomentumShared\src\server\Server.cpp">
      <Filter>Source Files\shared\server</Filter>
    </ClCompile>
    <ClCompile Include="..\MomentumShared\src\server\Pipe.cpp">
      <Filter>Source Files\shared\server</Filter>
    </ClCompile>
    <ClCompile Include="src\client\Client.cpp">
      <Filter>Source Files\client</Filter>
    </ClCompile>
    <ClCompile Include="src\client\game\GameMirror.cpp">
      <Filter>Source Files\client\game</Filter>
    </ClCompile>
    <ClCompile Include="src\client\game\PlayerMirror.cpp">
      <Filter>Source Files\client\game</Filter>
    </ClCompile>
    <ClCompile Include="src\client\ServerMirror.cpp">
      <Filter>Source Files\client</Filter>
    </ClCompile>
    <ClCompile Include="src\client\PipeMirror.cpp">
      <Filter>Source Files\client</Filter>
    </ClCompile>
  </ItemGroup>
  <ItemGroup>
    <Image Include="resources\icon.ico">
      <Filter>Resource Files</Filter>
    </Image>
  </ItemGroup>
</Project>